
Microsoft Visual Studio Solution File, Format Version 12.00
# Visual Studio Version 16
VisualStudioVersion = 16.0.31515.178
MinimumVisualStudioVersion = 10.0.40219.1
Project("{FAE04EC0-301F-11D3-BF4B-00C04F79EFBC}") = "cs-form-framework-net-json-datagridview", "cs-form-framework-net-json-datagridview.csproj", "{2AF69915-BEB2-4EF6-A3C3-483E80094CF9}"
EndProject
Global
	GlobalSection(SolutionConfigurationPlatforms) = preSolution
		Debug|Any CPU = Debug|Any CPU
		Release|Any CPU = Release|Any CPU
	EndGlobalSection
	GlobalSection(ProjectConfigurationPlatforms) = postSolution
		{2AF69915-BEB2-4EF6-A3C3-483E80094CF9}.Debug|Any CPU.ActiveCfg = Debug|Any CPU
		{2AF69915-BEB2-4EF6-A3C3-483E80094CF9}.Debug|Any CPU.Build.0 = Debug|Any CPU
		{2AF69915-BEB2-4EF6-A3C3-483E80094CF9}.Release|Any CPU.ActiveCfg = Release|Any CPU
		{2AF69915-BEB2-4EF6-A3C3-483E80094CF9}.Release|Any CPU.Build.0 = Release|Any CPU
	EndGlobalSection
	GlobalSection(SolutionProperties) = preSolution
		HideSolutionNode = FALSE
	EndGlobalSection
	GlobalSection(ExtensibilityGlobals) = postSolution
		SolutionGuid = {721D0226-7D9C-47FB-9CC6-D69681BAFE9D}
	EndGlobalSection
EndGlobal
